{
  "name": "exports",
  "lockfileVersion": 3,
  "requires": true,
  "packages": {
    "": {
      "dependencies": {
        "marked-katex-extension": "file:../.."
      }
    },
    "../..": {
      "version": "5.1.10",
      "license": "MIT",
      "devDependencies": {
        "@markedjs/eslint-config": "^1.0.14",
        "@markedjs/testutils": "18.0.5-0",
        "@rollup/plugin-node-resolve": "^16.0.3",
        "@semantic-release/changelog": "^6.0.3",
        "@semantic-release/commit-analyzer": "^13.0.1",
        "@semantic-release/git": "^10.0.1",
        "@semantic-release/github": "^12.0.8",
        "@semantic-release/npm": "^13.1.5",
        "@semantic-release/release-notes-generator": "^14.1.1",
        "@types/node": "^26.0.0",
        "cheerio": "^1.2.0",
        "globals": "^17.7.0",
        "katex": "^0.17.0",
        "marked": "^18.0.5",
        "node-fetch": "^3.3.2",
        "rollup": "^4.62.2",
        "semantic-release": "^25.0.5",
        "tsd": "^0.33.0",
        "typescript": "^6.0.3"
      },
      "peerDependencies": {
        "katex": ">=0.16 <0.18",
        "marked": ">=4 <19"
      }
    },
    "node_modules/marked-katex-extension": {
      "resolved": "../..",
      "link": true
    }
  }
}
